// !$*UTF8*$!
{
	archiveVersion = 1;
	classes = {
	};
	objectVersion = 46;
	objects = {

/* Begin PBXBuildFile section */
		D90DE4541CBA9EBE0072422C /* DT_Utils.cpp in Sources */ = {isa = PBXBuildFile; fileRef = D90DE4521CBA9EBE0072422C /* DT_Utils.cpp */; };
		D97992A71CB740A6001DC0B1 /* main.cpp in Sources */ = {isa = PBXBuildFile; fileRef = D97992A61CB740A6001DC0B1 /* main.cpp */; };
		D97992B41CB740EE001DC0B1 /* DT_DAG.cpp in Sources */ = {isa = PBXBuildFile; fileRef = D97992AD1CB740EE001DC0B1 /* DT_DAG.cpp */; };
		D97992B51CB740EE001DC0B1 /* DelaunayTriangulation.cpp in Sources */ = {isa = PBXBuildFile; fileRef = D97992AF1CB740EE001DC0B1 /* DelaunayTriangulation.cpp */; };
/* End PBXBuildFile section */

/* Begin PBXCopyFilesBuildPhase section */
		D97992A11CB740A6001DC0B1 /* CopyFiles */ = {
			isa = PBXCopyFilesBuildPhase;
			buildActionMask = 2147483647;
			dstPath = /usr/share/man/man1/;
			dstSubfolderSpec = 0;
			files = (
			);
			runOnlyForDeploymentPostprocessing = 1;
		};
/* End PBXCopyFilesBuildPhase section */

/* Begin PBXFileReference section */
		D90DE4511CBA98A40072422C /* DT_Circle.h */ = {isa = PBXFileReference; lastKnownFileType = sourcecode.c.h; path = DT_Circle.h; sourceTree = "<group>"; };
		D90DE4521CBA9EBE0072422C /* DT_Utils.cpp */ = {isa = PBXFileReference; fileEncoding = 4; lastKnownFileType = sourcecode.cpp.cpp; path = DT_Utils.cpp; sourceTree = "<group>"; };
		D90DE4531CBA9EBE0072422C /* DT_Utils.h */ = {isa = PBXFileReference; fileEncoding = 4; lastKnownFileType = sourcecode.c.h; path = DT_Utils.h; sourceTree = "<group>"; };
		D91A39591CC15503009BA3D4 /* DT_Vector.h */ = {isa = PBXFileReference; lastKnownFileType = sourcecode.c.h; path = DT_Vector.h; sourceTree = "<group>"; };
		D97992A31CB740A6001DC0B1 /* tacmap_cmd */ = {isa = PBXFileReference; explicitFileType = "compiled.mach-o.executable"; includeInIndex = 0; path = tacmap_cmd; sourceTree = BUILT_PRODUCTS_DIR; };
		D97992A61CB740A6001DC0B1 /* main.cpp */ = {isa = PBXFileReference; lastKnownFileType = sourcecode.cpp.cpp; path = main.cpp; sourceTree = "<group>"; };
		D97992AD1CB740EE001DC0B1 /* DT_DAG.cpp */ = {isa = PBXFileReference; fileEncoding = 4; lastKnownFileType = sourcecode.cpp.cpp; path = DT_DAG.cpp; sourceTree = "<group>"; };
		D97992AE1CB740EE001DC0B1 /* DT_DAG.h */ = {isa = PBXFileReference; fileEncoding = 4; lastKnownFileType = sourcecode.c.h; path = DT_DAG.h; sourceTree = "<group>"; };
		D97992AF1CB740EE001DC0B1 /* DelaunayTriangulation.cpp */ = {isa = PBXFileReference; fileEncoding = 4; lastKnownFileType = sourcecode.cpp.cpp; path = DelaunayTriangulation.cpp; sourceTree = "<group>"; };
		D97992B01CB740EE001DC0B1 /* DelaunayTriangulation.h */ = {isa = PBXFileReference; fileEncoding = 4; lastKnownFileType = sourcecode.c.h; path = DelaunayTriangulation.h; sourceTree = "<group>"; };
		D97992B11CB740EE001DC0B1 /* DT_Pool.h */ = {isa = PBXFileReference; fileEncoding = 4; lastKnownFileType = sourcecode.c.h; path = DT_Pool.h; sourceTree = "<group>"; };
		D97992B21CB740EE001DC0B1 /* DT_Triangle.h */ = {isa = PBXFileReference; fileEncoding = 4; lastKnownFileType = sourcecode.c.h; path = DT_Triangle.h; sourceTree = "<group>"; };
		D97992B31CB740EE001DC0B1 /* DT_Vertex.h */ = {isa = PBXFileReference; fileEncoding = 4; lastKnownFileType = sourcecode.c.h; path = DT_Vertex.h; sourceTree = "<group>"; };
/* End PBXFileReference section */

/* Begin PBXFrameworksBuildPhase section */
		D97992A01CB740A6001DC0B1 /* Frameworks */ = {
			isa = PBXFrameworksBuildPhase;
			buildActionMask = 2147483647;
			files = (
			);
			runOnlyForDeploymentPostprocessing = 0;
		};
/* End PBXFrameworksBuildPhase section */

/* Begin PBXGroup section */
		D979929A1CB740A6001DC0B1 = {
			isa = PBXGroup;
			children = (
				D97992A51CB740A6001DC0B1 /* tacmap_cmd */,
				D97992A41CB740A6001DC0B1 /* Products */,
			);
			sourceTree = "<group>";
		};
		D97992A41CB740A6001DC0B1 /* Products */ = {
			isa = PBXGroup;
			children = (
				D97992A31CB740A6001DC0B1 /* tacmap_cmd */,
			);
			name = Products;
			sourceTree = "<group>";
		};
		D97992A51CB740A6001DC0B1 /* tacmap_cmd */ = {
			isa = PBXGroup;
			children = (
				D97992AF1CB740EE001DC0B1 /* DelaunayTriangulation.cpp */,
				D97992B01CB740EE001DC0B1 /* DelaunayTriangulation.h */,
				D90DE4511CBA98A40072422C /* DT_Circle.h */,
				D97992AD1CB740EE001DC0B1 /* DT_DAG.cpp */,
				D97992AE1CB740EE001DC0B1 /* DT_DAG.h */,
				D97992B11CB740EE001DC0B1 /* DT_Pool.h */,
				D97992B21CB740EE001DC0B1 /* DT_Triangle.h */,
				D90DE4521CBA9EBE0072422C /* DT_Utils.cpp */,
				D90DE4531CBA9EBE0072422C /* DT_Utils.h */,
				D91A39591CC15503009BA3D4 /* DT_Vector.h */,
				D97992B31CB740EE001DC0B1 /* DT_Vertex.h */,
				D97992A61CB740A6001DC0B1 /* main.cpp */,
			);
			path = tacmap_cmd;
			sourceTree = "<group>";
		};
/* End PBXGroup section */

/* Begin PBXNativeTarget section */
		D97992A21CB740A6001DC0B1 /* tacmap_cmd */ = {
			isa = PBXNativeTarget;
			buildConfigurationList = D97992AA1CB740A6001DC0B1 /* Build configuration list for PBXNativeTarget "tacmap_cmd" */;
			buildPhases = (
				D979929F1CB740A6001DC0B1 /* Sources */,
				D97992A01CB740A6001DC0B1 /* Frameworks */,
				D97992A11CB740A6001DC0B1 /* CopyFiles */,
			);
			buildRules = (
			);
			dependencies = (
			);
			name = tacmap_cmd;
			productName = tacmap_cmd;
			productReference = D97992A31CB740A6001DC0B1 /* tacmap_cmd */;
			productType = "com.apple.product-type.tool";
		};
/* End PBXNativeTarget section */

/* Begin PBXProject section */
		D979929B1CB740A6001DC0B1 /* Project object */ = {
			isa = PBXProject;
			attributes = {
				LastUpgradeCheck = 0730;
				ORGANIZATIONNAME = "Parrish Myers";
				TargetAttributes = {
					D97992A21CB740A6001DC0B1 = {
						CreatedOnToolsVersion = 7.3;
					};
				};
			};
			buildConfigurationList = D979929E1CB740A6001DC0B1 /* Build configuration list for PBXProject "tacmap_cmd" */;
			compatibilityVersion = "Xcode 3.2";
			developmentRegion = English;
			hasScannedForEncodings = 0;
			knownRegions = (
				en,
			);
			mainGroup = D979929A1CB740A6001DC0B1;
			productRefGroup = D97992A41CB740A6001DC0B1 /* Products */;
			projectDirPath = "";
			projectRoot = "";
			targets = (
				D97992A21CB740A6001DC0B1 /* tacmap_cmd */,
			);
		};
/* End PBXProject section */

/* Begin PBXSourcesBuildPhase section */
		D979929F1CB740A6001DC0B1 /* Sources */ = {
			isa = PBXSourcesBuildPhase;
			buildActionMask = 2147483647;
			files = (
				D97992B51CB740EE001DC0B1 /* DelaunayTriangulation.cpp in Sources */,
				D90DE4541CBA9EBE0072422C /* DT_Utils.cpp in Sources */,
				D97992B41CB740EE001DC0B1 /* DT_DAG.cpp in Sources */,
				D97992A71CB740A6001DC0B1 /* main.cpp in Sources */,
			);
			runOnlyForDeploymentPostprocessing = 0;
		};
/* End PBXSourcesBuildPhase section */

/* Begin XCBuildConfiguration section */
		D97992A81CB740A6001DC0B1 /* Debug */ = {
			isa = XCBuildConfiguration;
			buildSettings = {
				ALWAYS_SEARCH_USER_PATHS = NO;
				CLANG_ANALYZER_NONNULL = YES;
				CLANG_CXX_LANGUAGE_STANDARD = "gnu++0x";
				CLANG_CXX_LIBRARY = "libc++";
				CLANG_ENABLE_MODULES = YES;
				CLANG_ENABLE_OBJC_ARC = YES;
				CLANG_WARN_BOOL_CONVERSION = YES;
				CLANG_WARN_CONSTANT_CONVERSION = YES;
				CLANG_WARN_DIRECT_OBJC_ISA_USAGE = YES_ERROR;
				CLANG_WARN_EMPTY_BODY = YES;
				CLANG_WARN_ENUM_CONVERSION = YES;
				CLANG_WARN_INT_CONVERSION = YES;
				CLANG_WARN_OBJC_ROOT_CLASS = YES_ERROR;
				CLANG_WARN_UNREACHABLE_CODE = YES;
				CLANG_WARN__DUPLICATE_METHOD_MATCH = YES;
				CODE_SIGN_IDENTITY = "-";
				COPY_PHASE_STRIP = NO;
				DEBUG_INFORMATION_FORMAT = dwarf;
				ENABLE_STRICT_OBJC_MSGSEND = YES;
				ENABLE_TESTABILITY = YES;
				GCC_C_LANGUAGE_STANDARD = gnu99;
				GCC_DYNAMIC_NO_PIC = NO;
				GCC_NO_COMMON_BLOCKS = YES;
				GCC_OPTIMIZATION_LEVEL = 0;
				GCC_PREPROCESSOR_DEFINITIONS = (
					"DEBUG=1",
					"$(inherited)",
				);
				GCC_WARN_64_TO_32_BIT_CONVERSION = YES;
				GCC_WARN_ABOUT_RETURN_TYPE = YES_ERROR;
				GCC_WARN_UNDECLARED_SELECTOR = YES;
				GCC_WARN_UNINITIALIZED_AUTOS = YES_AGGRESSIVE;
				GCC_WARN_UNUSED_FUNCTION = YES;
				GCC_WARN_UNUSED_VARIABLE = YES;
				MACOSX_DEPLOYMENT_TARGET = 10.11;
				MTL_ENABLE_DEBUG_INFO = YES;
				ONLY_ACTIVE_ARCH = YES;
				SDKROOT = macosx;
			};
			name = Debug;
		};
		D97992A91CB740A6001DC0B1 /* Release */ = {
			isa = XCBuildConfiguration;
			buildSettings = {
				ALWAYS_SEARCH_USER_PATHS = NO;
				CLANG_ANALYZER_NONNULL = YES;
				CLANG_CXX_LANGUAGE_STANDARD = "gnu++0x";
				CLANG_CXX_LIBRARY = "libc++";
				CLANG_ENABLE_MODULES = YES;
				CLANG_ENABLE_OBJC_ARC = YES;
				CLANG_WARN_BOOL_CONVERSION = YES;
				CLANG_WARN_CONSTANT_CONVERSION = YES;
				CLANG_WARN_DIRECT_OBJC_ISA_USAGE = YES_ERROR;
				CLANG_WARN_EMPTY_BODY = YES;
				CLANG_WARN_ENUM_CONVERSION = YES;
				CLANG_WARN_INT_CONVERSION = YES;
				CLANG_WARN_OBJC_ROOT_CLASS = YES_ERROR;
				CLANG_WARN_UNREACHABLE_CODE = YES;
				CLANG_WARN__DUPLICATE_METHOD_MATCH = YES;
				CODE_SIGN_IDENTITY = "-";
				COPY_PHASE_STRIP = NO;
				DEBUG_INFORMATION_FORMAT = "dwarf-with-dsym";
				ENABLE_NS_ASSERTIONS = NO;
				ENABLE_STRICT_OBJC_MSGSEND = YES;
				GCC_C_LANGUAGE_STANDARD = gnu99;
				GCC_NO_COMMON_BLOCKS = YES;
				GCC_WARN_64_TO_32_BIT_CONVERSION = YES;
				GCC_WARN_ABOUT_RETURN_TYPE = YES_ERROR;
				GCC_WARN_UNDECLARED_SELECTOR = YES;
				GCC_WARN_UNINITIALIZED_AUTOS = YES_AGGRESSIVE;
				GCC_WARN_UNUSED_FUNCTION = YES;
				GCC_WARN_UNUSED_VARIABLE = YES;
				MACOSX_DEPLOYMENT_TARGET = 10.11;
				MTL_ENABLE_DEBUG_INFO = NO;
				SDKROOT = macosx;
			};
			name = Release;
		};
		D97992AB1CB740A6001DC0B1 /* Debug */ = {
			isa = XCBuildConfiguration;
			buildSettings = {
				PRODUCT_NAME = "$(TARGET_NAME)";
			};
			name = Debug;
		};
		D97992AC1CB740A6001DC0B1 /* Release */ = {
			isa = XCBuildConfiguration;
			buildSettings = {
				PRODUCT_NAME = "$(TARGET_NAME)";
			};
			name = Release;
		};
/* End XCBuildConfiguration section */

/* Begin XCConfigurationList section */
		D979929E1CB740A6001DC0B1 /* Build configuration list for PBXProject "tacmap_cmd" */ = {
			isa = XCConfigurationList;
			buildConfigurations = (
				D97992A81CB740A6001DC0B1 /* Debug */,
				D97992A91CB740A6001DC0B1 /* Release */,
			);
			defaultConfigurationIsVisible = 0;
			defaultConfigurationName = Release;
		};
		D97992AA1CB740A6001DC0B1 /* Build configuration list for PBXNativeTarget "tacmap_cmd" */ = {
			isa = XCConfigurationList;
			buildConfigurations = (
				D97992AB1CB740A6001DC0B1 /* Debug */,
				D97992AC1CB740A6001DC0B1 /* Release */,
			);
			defaultConfigurationIsVisible = 0;
			defaultConfigurationName = Release;
		};
/* End XCConfigurationList section */
	};
	rootObject = D979929B1CB740A6001DC0B1 /* Project object */;
}
